
Microsoft Visual Studio Solution File, Format Version 12.00
# Visual Studio Version 17
VisualStudioVersion = 17.4.33110.190
MinimumVisualStudioVersion = 10.0.40219.1
Project("{FAE04EC0-301F-11D3-BF4B-00C04F79EFBC}") = "WebApplication1", "WebApplication1\WebApplication1.csproj", "{7EEF9022-F929-4F54-A259-CE37AD017F75}"
EndProject
Global
	GlobalSection(SolutionConfigurationPlatforms) = preSolution
		Debug|Any CPU = Debug|Any CPU
		Release|Any CPU = Release|Any CPU
	EndGlobalSection
	GlobalSection(ProjectConfigurationPlatforms) = postSolution
		{7EEF9022-F929-4F54-A259-CE37AD017F75}.Debug|Any CPU.ActiveCfg = Debug|Any CPU
		{7EEF9022-F929-4F54-A259-CE37AD017F75}.Debug|Any CPU.Build.0 = Debug|Any CPU
		{7EEF9022-F929-4F54-A259-CE37AD017F75}.Release|Any CPU.ActiveCfg = Release|Any CPU
		{7EEF9022-F929-4F54-A259-CE37AD017F75}.Release|Any CPU.Build.0 = Release|Any CPU
	EndGlobalSection
	GlobalSection(SolutionProperties) = preSolution
		HideSolutionNode = FALSE
	EndGlobalSection
	GlobalSection(ExtensibilityGlobals) = postSolution
		SolutionGuid = {FAECD62F-007E-4F16-8F0C-6D6149C639C6}
	EndGlobalSection
EndGlobal
